<?xml version="1.0" encoding="utf-8"?>
<Project ToolsVersion="4.0" xmlns:atg="http://atg.xbox.com" xmlns="http://schemas.microsoft.com/developer/msbuild/2003">
  <ItemGroup>
    <Filter Include="Resource Files">
      <UniqueIdentifier>{8e114980-c1a3-4ada-ad7c-83caadf5daeb}</UniqueIdentifier>
      <Extensions>rc;ico;cur;bmp;dlg;rc2;rct;bin;rgs;gif;jpg;jpeg;jpe</Extensions>
    </Filter>
    <Filter Include="DXUT">
      <UniqueIdentifier>{a43c5c25-0e86-4a20-b64a-883785ff74fd}</UniqueIdentifier>
    </Filter>
    <Filter Include="Shaders">
      <UniqueIdentifier>{2c3d4c8c-5d1a-459a-a05a-a4e4b608a44e}</UniqueIdentifier>
      <Extensions>fx;fxh;hlsl</Extensions>
    </Filter>
    <Filter Include="Include">
      <UniqueIdentifier>{65629282-bc95-4fcf-a4d5-b6b2af4d61ec}</UniqueIdentifier>
    </Filter>
    <Filter Include="Source">
      <UniqueIdentifier>{14439d43-0dce-4016-8b9f-4ec14336fcb4}</UniqueIdentifier>
    </Filter>
    <Filter Include="Imgui">
      <UniqueIdentifier>{a482320f-f080-456e-9e42-959ecc2d804e}</UniqueIdentifier>
    </Filter>
    <Filter Include="Imgui\src">
      <UniqueIdentifier>{67e295cd-68ec-4c83-9709-05e91bca258c}</UniqueIdentifier>
    </Filter>
    <Filter Include="Imgui\Includes">
      <UniqueIdentifier>{042bff32-11d1-4997-8ece-7c49448b0664}</UniqueIdentifier>
    </Filter>
  </ItemGroup>
  <ItemGroup>
    <ClInclude Include="Include\BaseApp.h">
      <Filter>Include</Filter>
    </ClInclude>
    <ClInclude Include="Include\DepthStencilView.h">
      <Filter>Include</Filter>
    </ClInclude>
    <ClInclude Include="Include\Device.h">
      <Filter>Include</Filter>
    </ClInclude>
    <ClInclude Include="Include\DeviceContext.h">
      <Filter>Include</Filter>
    </ClInclude>
    <ClInclude Include="Include\Prerequisites.h">
      <Filter>Include</Filter>
    </ClInclude>
    <ClInclude Include="Include\RenderTargetView.h">
      <Filter>Include</Filter>
    </ClInclude>
    <ClInclude Include="Include\Resource.h">
      <Filter>Include</Filter>
    </ClInclude>
    <ClInclude Include="Include\Swapchain.h">
      <Filter>Include</Filter>
    </ClInclude>
    <ClInclude Include="Include\Texture.h">
      <Filter>Include</Filter>
    </ClInclude>
    <ClInclude Include="Include\Window.h">
      <Filter>Include</Filter>
    </ClInclude>
    <ClInclude Include="Include\stb_image.h">
      <Filter>Include</Filter>
    </ClInclude>
    <ClInclude Include="Include\Viewport.h">
      <Filter>Include</Filter>
    </ClInclude>
    <ClInclude Include="Include\InputLayout.h">
      <Filter>Include</Filter>
    </ClInclude>
    <ClInclude Include="Include\ShaderProgram.h">
      <Filter>Include</Filter>
    </ClInclude>
    <ClInclude Include="Include\MeshComponent.h">
      <Filter>Include</Filter>
    </ClInclude>
    <ClInclude Include="Include\Buffer.h">
      <Filter>Include</Filter>
    </ClInclude>
    <ClInclude Include="Include\SamplerState.h">
      <Filter>Include</Filter>
    </ClInclude>
    <ClInclude Include="Include\GUI.h">
      <Filter>Include</Filter>
    </ClInclude>
    <ClInclude Include="Imgui\imgui-docking\backends\imgui_impl_win32.h">
      <Filter>Imgui\src</Filter>
    </ClInclude>
    <ClInclude Include="Imgui\imgui-docking\backends\imgui_impl_dx11.h">
      <Filter>Imgui\src</Filter>
    </ClInclude>
    <ClInclude Include="Imgui\imgui-docking\imconfig.h">
      <Filter>Imgui\Includes</Filter>
    </ClInclude>
    <ClInclude Include="Imgui\imgui-docking\imgui.h">
      <Filter>Imgui\Includes</Filter>
    </ClInclude>
    <ClInclude Include="Imgui\imgui-docking\imgui_internal.h">
      <Filter>Imgui\Includes</Filter>
    </ClInclude>
    <ClInclude Include="Imgui\imgui-docking\imstb_rectpack.h">
      <Filter>Imgui\Includes</Filter>
    </ClInclude>
    <ClInclude Include="Imgui\imgui-docking\imstb_textedit.h">
      <Filter>Imgui\Includes</Filter>
    </ClInclude>
    <ClInclude Include="Imgui\imgui-docking\imstb_truetype.h">
      <Filter>Imgui\Includes</Filter>
    </ClInclude>
  </ItemGroup>
  <ItemGroup>
    <ClCompile Include="TurtleEngine.cpp" />
    <ClCompile Include="Source\BaseApp.cpp">
      <Filter>Source</Filter>
    </ClCompile>
    <ClCompile Include="Source\DepthStencilView.cpp">
      <Filter>Source</Filter>
    </ClCompile>
    <ClCompile Include="Source\Device.cpp">
      <Filter>Source</Filter>
    </ClCompile>
    <ClCompile Include="Source\DeviceContext.cpp">
      <Filter>Source</Filter>
    </ClCompile>
    <ClCompile Include="Source\RenderTargetView.cpp">
      <Filter>Source</Filter>
    </ClCompile>
    <ClCompile Include="Source\Swapchain.cpp">
      <Filter>Source</Filter>
    </ClCompile>
    <ClCompile Include="Source\Texture.cpp">
      <Filter>Source</Filter>
    </ClCompile>
    <ClCompile Include="Source\Window.cpp">
      <Filter>Source</Filter>
    </ClCompile>
    <ClCompile Include="Source\InputLayout.cpp">
      <Filter>Source</Filter>
    </ClCompile>
    <ClCompile Include="Source\Viewport.cpp">
      <Filter>Source</Filter>
    </ClCompile>
    <ClCompile Include="Source\ShaderProgram.cpp">
      <Filter>Source</Filter>
    </ClCompile>
    <ClCompile Include="Source\Buffer.cpp">
      <Filter>Source</Filter>
    </ClCompile>
    <ClCompile Include="Source\SamplerState.cpp">
      <Filter>Source</Filter>
    </ClCompile>
    <ClCompile Include="Source\GUI.cpp">
      <Filter>Source</Filter>
    </ClCompile>
    <ClCompile Include="Imgui\imgui-docking\imgui.cpp">
      <Filter>Imgui\src</Filter>
    </ClCompile>
    <ClCompile Include="Imgui\imgui-docking\imgui_demo.cpp">
      <Filter>Imgui\src</Filter>
    </ClCompile>
    <ClCompile Include="Imgui\imgui-docking\imgui_draw.cpp">
      <Filter>Imgui\src</Filter>
    </ClCompile>
    <ClCompile Include="Imgui\imgui-docking\imgui_tables.cpp">
      <Filter>Imgui\src</Filter>
    </ClCompile>
    <ClCompile Include="Imgui\imgui-docking\imgui_widgets.cpp">
      <Filter>Imgui\src</Filter>
    </ClCompile>
    <ClCompile Include="Imgui\imgui-docking\backends\imgui_impl_win32.cpp">
      <Filter>Imgui\src</Filter>
    </ClCompile>
    <ClCompile Include="Imgui\imgui-docking\backends\imgui_impl_dx11.cpp">
      <Filter>Imgui\src</Filter>
    </ClCompile>
  </ItemGroup>
  <ItemGroup>
    <CLInclude Include="resource.h">
      <Filter>Resource Files</Filter>
    </CLInclude>
    <ResourceCompile Include="TurtleEngine.rc">
      <Filter>Resource Files</Filter>
    </ResourceCompile>
  </ItemGroup>
  <ItemGroup>
    <Text Include="TurtleEngine.fx">
      <Filter>Shaders</Filter>
    </Text>
  </ItemGroup>
  <ItemGroup>
    <None Include="packages.config" />
  </ItemGroup>
</Project>