<?xml version="1.0" encoding="utf-8"?>
<Project ToolsVersion="4.0" xmlns:atg="http://atg.xbox.com" xmlns="http://schemas.microsoft.com/developer/msbuild/2003">
  <ItemGroup>
    <Filter Include="Resource Files">
      <UniqueIdentifier>{8e114980-c1a3-4ada-ad7c-83caadf5daeb}</UniqueIdentifier>
      <Extensions>rc;ico;cur;bmp;dlg;rc2;rct;bin;rgs;gif;jpg;jpeg;jpe</Extensions>
    </Filter>
    <Filter Include="DXUT">
      <UniqueIdentifier>{a43c5c25-0e86-4a20-b64a-883785ff74fd}</UniqueIdentifier>
    </Filter>
    <Filter Include="Shaders">
      <UniqueIdentifier>{2c3d4c8c-5d1a-459a-a05a-a4e4b608a44e}</UniqueIdentifier>
      <Extensions>fx;fxh;hlsl</Extensions>
    </Filter>
    <Filter Include="Include">
      <UniqueIdentifier>{65629282-bc95-4fcf-a4d5-b6b2af4d61ec}</UniqueIdentifier>
    </Filter>
    <Filter Include="Source">
      <UniqueIdentifier>{14439d43-0dce-4016-8b9f-4ec14336fcb4}</UniqueIdentifier>
    </Filter>
    <Filter Include="Imgui">
      <UniqueIdentifier>{a482320f-f080-456e-9e42-959ecc2d804e}</UniqueIdentifier>
    </Filter>
    <Filter Include="Imgui\src">
      <UniqueIdentifier>{67e295cd-68ec-4c83-9709-05e91bca258c}</UniqueIdentifier>
    </Filter>
    <Filter Include="Imgui\Includes">
      <UniqueIdentifier>{042bff32-11d1-4997-8ece-7c49448b0664}</UniqueIdentifier>
    </Filter>
    <Filter Include="Include\Utilities">
      <UniqueIdentifier>{3b5528af-1f8e-4b0e-9c29-e5e630e02e8a}</UniqueIdentifier>
    </Filter>
    <Filter Include="Include\Utilities\Matrix">
      <UniqueIdentifier>{51493b98-f4c4-4316-9b77-aea5485d6064}</UniqueIdentifier>
    </Filter>
    <Filter Include="Include\Utilities\Memory">
      <UniqueIdentifier>{81690bca-b3fb-4707-a047-f26329fc8bf4}</UniqueIdentifier>
    </Filter>
    <Filter Include="Include\Utilities\Structures">
      <UniqueIdentifier>{7d958b94-f122-48af-8aad-9c8fb3178919}</UniqueIdentifier>
    </Filter>
    <Filter Include="Include\Utilities\Vectors">
      <UniqueIdentifier>{45a31eac-97e7-416b-8f7a-0556b0410375}</UniqueIdentifier>
    </Filter>
    <Filter Include="Include\ECS">
      <UniqueIdentifier>{1010f81a-89b5-4322-8271-5e927d41bbbf}</UniqueIdentifier>
    </Filter>
    <Filter Include="Source\ECS">
      <UniqueIdentifier>{6fac6601-6b2a-494d-b550-31b8600e12e1}</UniqueIdentifier>
    </Filter>
    <Filter Include="Include\Utilities\Utilities">
      <UniqueIdentifier>{296dfc9d-5366-4f96-bb62-f872d7404986}</UniqueIdentifier>
    </Filter>
  </ItemGroup>
  <ItemGroup>
    <ClInclude Include="Include\BaseApp.h">
      <Filter>Include</Filter>
    </ClInclude>
    <ClInclude Include="Include\DepthStencilView.h">
      <Filter>Include</Filter>
    </ClInclude>
    <ClInclude Include="Include\Device.h">
      <Filter>Include</Filter>
    </ClInclude>
    <ClInclude Include="Include\DeviceContext.h">
      <Filter>Include</Filter>
    </ClInclude>
    <ClInclude Include="Include\Prerequisites.h">
      <Filter>Include</Filter>
    </ClInclude>
    <ClInclude Include="Include\RenderTargetView.h">
      <Filter>Include</Filter>
    </ClInclude>
    <ClInclude Include="Include\Resource.h">
      <Filter>Include</Filter>
    </ClInclude>
    <ClInclude Include="Include\Swapchain.h">
      <Filter>Include</Filter>
    </ClInclude>
    <ClInclude Include="Include\Texture.h">
      <Filter>Include</Filter>
    </ClInclude>
    <ClInclude Include="Include\Window.h">
      <Filter>Include</Filter>
    </ClInclude>
    <ClInclude Include="Include\stb_image.h">
      <Filter>Include</Filter>
    </ClInclude>
    <ClInclude Include="Include\Viewport.h">
      <Filter>Include</Filter>
    </ClInclude>
    <ClInclude Include="Include\InputLayout.h">
      <Filter>Include</Filter>
    </ClInclude>
    <ClInclude Include="Include\ShaderProgram.h">
      <Filter>Include</Filter>
    </ClInclude>
    <ClInclude Include="Include\MeshComponent.h">
      <Filter>Include</Filter>
    </ClInclude>
    <ClInclude Include="Include\Buffer.h">
      <Filter>Include</Filter>
    </ClInclude>
    <ClInclude Include="Include\SamplerState.h">
      <Filter>Include</Filter>
    </ClInclude>
    <ClInclude Include="Include\GUI.h">
      <Filter>Include</Filter>
    </ClInclude>
    <ClInclude Include="Imgui\imgui-docking\backends\imgui_impl_win32.h">
      <Filter>Imgui\src</Filter>
    </ClInclude>
    <ClInclude Include="Imgui\imgui-docking\backends\imgui_impl_dx11.h">
      <Filter>Imgui\src</Filter>
    </ClInclude>
    <ClInclude Include="Imgui\imgui-docking\imconfig.h">
      <Filter>Imgui\Includes</Filter>
    </ClInclude>
    <ClInclude Include="Imgui\imgui-docking\imgui.h">
      <Filter>Imgui\Includes</Filter>
    </ClInclude>
    <ClInclude Include="Imgui\imgui-docking\imgui_internal.h">
      <Filter>Imgui\Includes</Filter>
    </ClInclude>
    <ClInclude Include="Imgui\imgui-docking\imstb_rectpack.h">
      <Filter>Imgui\Includes</Filter>
    </ClInclude>
    <ClInclude Include="Imgui\imgui-docking\imstb_textedit.h">
      <Filter>Imgui\Includes</Filter>
    </ClInclude>
    <ClInclude Include="Imgui\imgui-docking\imstb_truetype.h">
      <Filter>Imgui\Includes</Filter>
    </ClInclude>
    <ClInclude Include="Include\ModelLoader.h">
      <Filter>Include</Filter>
    </ClInclude>
    <ClInclude Include="Include\Utilities\Vectors\Quaternion.h">
      <Filter>Include\Utilities\Vectors</Filter>
    </ClInclude>
    <ClInclude Include="Include\Utilities\Vectors\Vector2.h">
      <Filter>Include\Utilities\Vectors</Filter>
    </ClInclude>
    <ClInclude Include="Include\Utilities\Vectors\Vector3.h">
      <Filter>Include\Utilities\Vectors</Filter>
    </ClInclude>
    <ClInclude Include="Include\Utilities\Vectors\Vector4.h">
      <Filter>Include\Utilities\Vectors</Filter>
    </ClInclude>
    <ClInclude Include="Include\Utilities\Structures\TArray.h">
      <Filter>Include\Utilities\Structures</Filter>
    </ClInclude>
    <ClInclude Include="Include\Utilities\Structures\TMap.h">
      <Filter>Include\Utilities\Structures</Filter>
    </ClInclude>
    <ClInclude Include="Include\Utilities\Structures\TPair.h">
      <Filter>Include\Utilities\Structures</Filter>
    </ClInclude>
    <ClInclude Include="Include\Utilities\Structures\TSet.h">
      <Filter>Include\Utilities\Structures</Filter>
    </ClInclude>
    <ClInclude Include="Include\Utilities\Memory\TSharedPointer.h">
      <Filter>Include\Utilities\Memory</Filter>
    </ClInclude>
    <ClInclude Include="Include\Utilities\Memory\TStaticPtr.h">
      <Filter>Include\Utilities\Memory</Filter>
    </ClInclude>
    <ClInclude Include="Include\Utilities\Memory\TUniquePtr.h">
      <Filter>Include\Utilities\Memory</Filter>
    </ClInclude>
    <ClInclude Include="Include\Utilities\Memory\TWeakPointer.h">
      <Filter>Include\Utilities\Memory</Filter>
    </ClInclude>
    <ClInclude Include="Include\Utilities\Matrix\Matrix2x2.h">
      <Filter>Include\Utilities\Matrix</Filter>
    </ClInclude>
    <ClInclude Include="Include\Utilities\Matrix\Matrix3x3.h">
      <Filter>Include\Utilities\Matrix</Filter>
    </ClInclude>
    <ClInclude Include="Include\Utilities\Matrix\Matrix4x4.h">
      <Filter>Include\Utilities\Matrix</Filter>
    </ClInclude>
    <ClInclude Include="Include\ECS\Entity.h">
      <Filter>Include\ECS</Filter>
    </ClInclude>
    <ClInclude Include="Include\ECS\Actor.h">
      <Filter>Include\ECS</Filter>
    </ClInclude>
    <ClInclude Include="Include\ECS\Component.h">
      <Filter>Include\ECS</Filter>
    </ClInclude>
    <ClInclude Include="Include\ECS\Transform.h">
      <Filter>Include\ECS</Filter>
    </ClInclude>
    <ClInclude Include="Include\Utilities\EngineMath.h">
      <Filter>Include\Utilities\Utilities</Filter>
    </ClInclude>
  </ItemGroup>
  <ItemGroup>
    <ClCompile Include="TurtleEngine.cpp" />
    <ClCompile Include="Source\BaseApp.cpp">
      <Filter>Source</Filter>
    </ClCompile>
    <ClCompile Include="Source\DepthStencilView.cpp">
      <Filter>Source</Filter>
    </ClCompile>
    <ClCompile Include="Source\Device.cpp">
      <Filter>Source</Filter>
    </ClCompile>
    <ClCompile Include="Source\DeviceContext.cpp">
      <Filter>Source</Filter>
    </ClCompile>
    <ClCompile Include="Source\RenderTargetView.cpp">
      <Filter>Source</Filter>
    </ClCompile>
    <ClCompile Include="Source\Swapchain.cpp">
      <Filter>Source</Filter>
    </ClCompile>
    <ClCompile Include="Source\Texture.cpp">
      <Filter>Source</Filter>
    </ClCompile>
    <ClCompile Include="Source\Window.cpp">
      <Filter>Source</Filter>
    </ClCompile>
    <ClCompile Include="Source\InputLayout.cpp">
      <Filter>Source</Filter>
    </ClCompile>
    <ClCompile Include="Source\Viewport.cpp">
      <Filter>Source</Filter>
    </ClCompile>
    <ClCompile Include="Source\ShaderProgram.cpp">
      <Filter>Source</Filter>
    </ClCompile>
    <ClCompile Include="Source\Buffer.cpp">
      <Filter>Source</Filter>
    </ClCompile>
    <ClCompile Include="Source\SamplerState.cpp">
      <Filter>Source</Filter>
    </ClCompile>
    <ClCompile Include="Source\GUI.cpp">
      <Filter>Source</Filter>
    </ClCompile>
    <ClCompile Include="Imgui\imgui-docking\imgui.cpp">
      <Filter>Imgui\src</Filter>
    </ClCompile>
    <ClCompile Include="Imgui\imgui-docking\imgui_demo.cpp">
      <Filter>Imgui\src</Filter>
    </ClCompile>
    <ClCompile Include="Imgui\imgui-docking\imgui_draw.cpp">
      <Filter>Imgui\src</Filter>
    </ClCompile>
    <ClCompile Include="Imgui\imgui-docking\imgui_tables.cpp">
      <Filter>Imgui\src</Filter>
    </ClCompile>
    <ClCompile Include="Imgui\imgui-docking\imgui_widgets.cpp">
      <Filter>Imgui\src</Filter>
    </ClCompile>
    <ClCompile Include="Imgui\imgui-docking\backends\imgui_impl_win32.cpp">
      <Filter>Imgui\src</Filter>
    </ClCompile>
    <ClCompile Include="Imgui\imgui-docking\backends\imgui_impl_dx11.cpp">
      <Filter>Imgui\src</Filter>
    </ClCompile>
    <ClCompile Include="Source\ModelLoader.cpp">
      <Filter>Source</Filter>
    </ClCompile>
    <ClCompile Include="Source\ECS\Transform.cpp">
      <Filter>Source\ECS</Filter>
    </ClCompile>
    <ClCompile Include="Source\Actor.cpp">
      <Filter>Source\ECS</Filter>
    </ClCompile>
  </ItemGroup>
  <ItemGroup>
    <CLInclude Include="resource.h">
      <Filter>Resource Files</Filter>
    </CLInclude>
    <ResourceCompile Include="TurtleEngine.rc">
      <Filter>Resource Files</Filter>
    </ResourceCompile>
  </ItemGroup>
  <ItemGroup>
    <Text Include="TurtleEngine.fx">
      <Filter>Shaders</Filter>
    </Text>
  </ItemGroup>
</Project>